
Microsoft Visual Studio Solution File, Format Version 12.00
# Visual Studio 2015
Project("{FAE04EC0-301F-11D3-BF4B-00C04F79EFBC}") = "Projecte 1.Plugins", "Projecte 1.Plugins.csproj", "{4FE8A7D7-9202-F986-6A39-4B7C3506FCA4}"
EndProject
Project("{FAE04EC0-301F-11D3-BF4B-00C04F79EFBC}") = "Projecte 1", "Projecte 1.csproj", "{8FC15A1F-2683-2013-9543-3A20859D2826}"
EndProject
Project("{FAE04EC0-301F-11D3-BF4B-00C04F79EFBC}") = "Projecte 1.Editor.Plugins", "Projecte 1.Editor.Plugins.csproj", "{6C5AA161-0C1B-7307-BF31-1B62DA0E3D96}"
EndProject
Global
	GlobalSection(SolutionConfigurationPlatforms) = preSolution
		Debug|Any CPU = Debug|Any CPU
		Release|Any CPU = Release|Any CPU
	EndGlobalSection
	GlobalSection(ProjectConfigurationPlatforms) = postSolution
		{4FE8A7D7-9202-F986-6A39-4B7C3506FCA4}.Debug|Any CPU.ActiveCfg = Debug|Any CPU
		{4FE8A7D7-9202-F986-6A39-4B7C3506FCA4}.Debug|Any CPU.Build.0 = Debug|Any CPU
		{4FE8A7D7-9202-F986-6A39-4B7C3506FCA4}.Release|Any CPU.ActiveCfg = Release|Any CPU
		{4FE8A7D7-9202-F986-6A39-4B7C3506FCA4}.Release|Any CPU.Build.0 = Release|Any CPU
		{8FC15A1F-2683-2013-9543-3A20859D2826}.Debug|Any CPU.ActiveCfg = Debug|Any CPU
		{8FC15A1F-2683-2013-9543-3A20859D2826}.Debug|Any CPU.Build.0 = Debug|Any CPU
		{8FC15A1F-2683-2013-9543-3A20859D2826}.Release|Any CPU.ActiveCfg = Release|Any CPU
		{8FC15A1F-2683-2013-9543-3A20859D2826}.Release|Any CPU.Build.0 = Release|Any CPU
		{6C5AA161-0C1B-7307-BF31-1B62DA0E3D96}.Debug|Any CPU.ActiveCfg = Debug|Any CPU
		{6C5AA161-0C1B-7307-BF31-1B62DA0E3D96}.Debug|Any CPU.Build.0 = Debug|Any CPU
		{6C5AA161-0C1B-7307-BF31-1B62DA0E3D96}.Release|Any CPU.ActiveCfg = Release|Any CPU
		{6C5AA161-0C1B-7307-BF31-1B62DA0E3D96}.Release|Any CPU.Build.0 = Release|Any CPU
	EndGlobalSection
	GlobalSection(SolutionProperties) = preSolution
		HideSolutionNode = FALSE
	EndGlobalSection
EndGlobal
